// !$*UTF8*$!
{
	archiveVersion = 1;
	classes = {
	};
	objectVersion = 46;
	objects = {

/* Begin PBXBuildFile section */
		9504BF181DA4D71900E5F606 /* main.m in Sources */ = {isa = PBXBuildFile; fileRef = 9504BF171DA4D71900E5F606 /* main.m */; };
		9504BF1B1DA4D71900E5F606 /* AppDelegate.m in Sources */ = {isa = PBXBuildFile; fileRef = 9504BF1A1DA4D71900E5F606 /* AppDelegate.m */; };
		9504BF1E1DA4D71900E5F606 /* ViewController.m in Sources */ = {isa = PBXBuildFile; fileRef = 9504BF1D1DA4D71900E5F606 /* ViewController.m */; };
		9504BF211DA4D71900E5F606 /* Main.storyboard in Resources */ = {isa = PBXBuildFile; fileRef = 9504BF1F1DA4D71900E5F606 /* Main.storyboard */; };
		9504BF231DA4D71900E5F606 /* Assets.xcassets in Resources */ = {isa = PBXBuildFile; fileRef = 9504BF221DA4D71900E5F606 /* Assets.xcassets */; };
		9504BF261DA4D71900E5F606 /* LaunchScreen.storyboard in Resources */ = {isa = PBXBuildFile; fileRef = 9504BF241DA4D71900E5F606 /* LaunchScreen.storyboard */; };
/* End PBXBuildFile section */

/* Begin PBXFileReference section */
		9504BF131DA4D71900E5F606 /* JenkinsDemo.app */ = {isa = PBXFileReference; explicitFileType = wrapper.application; includeInIndex = 0; path = JenkinsDemo.app; sourceTree = BUILT_PRODUCTS_DIR; };
		9504BF171DA4D71900E5F606 /* main.m */ = {isa = PBXFileReference; lastKnownFileType = sourcecode.c.objc; path = main.m; sourceTree = "<group>"; };
		9504BF191DA4D71900E5F606 /* AppDelegate.h */ = {isa = PBXFileReference; lastKnownFileType = sourcecode.c.h; path = AppDelegate.h; sourceTree = "<group>"; };
		9504BF1A1DA4D71900E5F606 /* AppDelegate.m */ = {isa = PBXFileReference; lastKnownFileType = sourcecode.c.objc; path = AppDelegate.m; sourceTree = "<group>"; };
		9504BF1C1DA4D71900E5F606 /* ViewController.h */ = {isa = PBXFileReference; lastKnownFileType = sourcecode.c.h; path = ViewController.h; sourceTree = "<group>"; };
		9504BF1D1DA4D71900E5F606 /* ViewController.m */ = {isa = PBXFileReference; lastKnownFileType = sourcecode.c.objc; path = ViewController.m; sourceTree = "<group>"; };
		9504BF201DA4D71900E5F606 /* Base */ = {isa = PBXFileReference; lastKnownFileType = file.storyboard; name = Base; path = Base.lproj/Main.storyboard; sourceTree = "<group>"; };
		9504BF221DA4D71900E5F606 /* Assets.xcassets */ = {isa = PBXFileReference; lastKnownFileType = folder.assetcatalog; path = Assets.xcassets; sourceTree = "<group>"; };
		9504BF251DA4D71900E5F606 /* Base */ = {isa = PBXFileReference; lastKnownFileType = file.storyboard; name = Base; path = Base.lproj/LaunchScreen.storyboard; sourceTree = "<group>"; };
		9504BF271DA4D71900E5F606 /* Info.plist */ = {isa = PBXFileReference; lastKnownFileType = text.plist.xml; path = Info.plist; sourceTree = "<group>"; };
/* End PBXFileReference section */

/* Begin PBXFrameworksBuildPhase section */
		9504BF101DA4D71900E5F606 /* Frameworks */ = {
			isa = PBXFrameworksBuildPhase;
			buildActionMask = 2147483647;
			files = (
			);
			runOnlyForDeploymentPostprocessing = 0;
		};
/* End PBXFrameworksBuildPhase section */

/* Begin PBXGroup section */
		9504BF0A1DA4D71900E5F606 = {
			isa = PBXGroup;
			children = (
				9504BF151DA4D71900E5F606 /* JenkinsDemo */,
				9504BF141DA4D71900E5F606 /* Products */,
			);
			sourceTree = "<group>";
		};
		9504BF141DA4D71900E5F606 /* Products */ = {
			isa = PBXGroup;
			children = (
				9504BF131DA4D71900E5F606 /* JenkinsDemo.app */,
			);
			name = Products;
			sourceTree = "<group>";
		};
		9504BF151DA4D71900E5F606 /* JenkinsDemo */ = {
			isa = PBXGroup;
			children = (
				9504BF191DA4D71900E5F606 /* AppDelegate.h */,
				9504BF1A1DA4D71900E5F606 /* AppDelegate.m */,
				9504BF1C1DA4D71900E5F606 /* ViewController.h */,
				9504BF1D1DA4D71900E5F606 /* ViewController.m */,
				9504BF1F1DA4D71900E5F606 /* Main.storyboard */,
				9504BF221DA4D71900E5F606 /* Assets.xcassets */,
				9504BF241DA4D71900E5F606 /* LaunchScreen.storyboard */,
				9504BF271DA4D71900E5F606 /* Info.plist */,
				9504BF161DA4D71900E5F606 /* Supporting Files */,
			);
			path = JenkinsDemo;
			sourceTree = "<group>";
		};
		9504BF161DA4D71900E5F606 /* Supporting Files */ = {
			isa = PBXGroup;
			children = (
				9504BF171DA4D71900E5F606 /* main.m */,
			);
			name = "Supporting Files";
			sourceTree = "<group>";
		};
/* End PBXGroup section */

/* Begin PBXNativeTarget section */
		9504BF121DA4D71900E5F606 /* JenkinsDemo */ = {
			isa = PBXNativeTarget;
			buildConfigurationList = 9504BF2A1DA4D71900E5F606 /* Build configuration list for PBXNativeTarget "JenkinsDemo" */;
			buildPhases = (
				9504BF0F1DA4D71900E5F606 /* Sources */,
				9504BF101DA4D71900E5F606 /* Frameworks */,
				9504BF111DA4D71900E5F606 /* Resources */,
			);
			buildRules = (
			);
			dependencies = (
			);
			name = JenkinsDemo;
			productName = JenkinsDemo;
			productReference = 9504BF131DA4D71900E5F606 /* JenkinsDemo.app */;
			productType = "com.apple.product-type.application";
		};
/* End PBXNativeTarget section */

/* Begin PBXProject section */
		9504BF0B1DA4D71900E5F606 /* Project object */ = {
			isa = PBXProject;
			attributes = {
				LastUpgradeCheck = 0800;
				ORGANIZATIONNAME = "窦静轩";
				TargetAttributes = {
					9504BF121DA4D71900E5F606 = {
						CreatedOnToolsVersion = 8.0;
						DevelopmentTeam = G4Z4UBHULT;
						ProvisioningStyle = Automatic;
					};
				};
			};
			buildConfigurationList = 9504BF0E1DA4D71900E5F606 /* Build configuration list for PBXProject "JenkinsDemo" */;
			compatibilityVersion = "Xcode 3.2";
			developmentRegion = English;
			hasScannedForEncodings = 0;
			knownRegions = (
				en,
				Base,
			);
			mainGroup = 9504BF0A1DA4D71900E5F606;
			productRefGroup = 9504BF141DA4D71900E5F606 /* Products */;
			projectDirPath = "";
			projectRoot = "";
			targets = (
				9504BF121DA4D71900E5F606 /* JenkinsDemo */,
			);
		};
/* End PBXProject section */

/* Begin PBXResourcesBuildPhase section */
		9504BF111DA4D71900E5F606 /* Resources */ = {
			isa = PBXResourcesBuildPhase;
			buildActionMask = 2147483647;
			files = (
				9504BF261DA4D71900E5F606 /* LaunchScreen.storyboard in Resources */,
				9504BF231DA4D71900E5F606 /* Assets.xcassets in Resources */,
				9504BF211DA4D71900E5F606 /* Main.storyboard in Resources */,
			);
			runOnlyForDeploymentPostprocessing = 0;
		};
/* End PBXResourcesBuildPhase section */

/* Begin PBXSourcesBuildPhase section */
		9504BF0F1DA4D71900E5F606 /* Sources */ = {
			isa = PBXSourcesBuildPhase;
			buildActionMask = 2147483647;
			files = (
				9504BF1E1DA4D71900E5F606 /* ViewController.m in Sources */,
				9504BF1B1DA4D71900E5F606 /* AppDelegate.m in Sources */,
				9504BF181DA4D71900E5F606 /* main.m in Sources */,
			);
			runOnlyForDeploymentPostprocessing = 0;
		};
/* End PBXSourcesBuildPhase section */

/* Begin PBXVariantGroup section */
		9504BF1F1DA4D71900E5F606 /* Main.storyboard */ = {
			isa = PBXVariantGroup;
			children = (
				9504BF201DA4D71900E5F606 /* Base */,
			);
			name = Main.storyboard;
			sourceTree = "<group>";
		};
		9504BF241DA4D71900E5F606 /* LaunchScreen.storyboard */ = {
			isa = PBXVariantGroup;
			children = (
				9504BF251DA4D71900E5F606 /* Base */,
			);
			name = LaunchScreen.storyboard;
			sourceTree = "<group>";
		};
/* End PBXVariantGroup section */

/* Begin XCBuildConfiguration section */
		9504BF281DA4D71900E5F606 /* Debug */ = {
			isa = XCBuildConfiguration;
			buildSettings = {
				ALWAYS_SEARCH_USER_PATHS = NO;
				CLANG_ANALYZER_NONNULL = YES;
				CLANG_CXX_LANGUAGE_STANDARD = "gnu++0x";
				CLANG_CXX_LIBRARY = "libc++";
				CLANG_ENABLE_MODULES = YES;
				CLANG_ENABLE_OBJC_ARC = YES;
				CLANG_WARN_BOOL_CONVERSION = YES;
				CLANG_WARN_CONSTANT_CONVERSION = YES;
				CLANG_WARN_DIRECT_OBJC_ISA_USAGE = YES_ERROR;
				CLANG_WARN_DOCUMENTATION_COMMENTS = YES;
				CLANG_WARN_EMPTY_BODY = YES;
				CLANG_WARN_ENUM_CONVERSION = YES;
				CLANG_WARN_INFINITE_RECURSION = YES;
				CLANG_WARN_INT_CONVERSION = YES;
				CLANG_WARN_OBJC_ROOT_CLASS = YES_ERROR;
				CLANG_WARN_SUSPICIOUS_MOVES = YES;
				CLANG_WARN_UNREACHABLE_CODE = YES;
				CLANG_WARN__DUPLICATE_METHOD_MATCH = YES;
				"CODE_SIGN_IDENTITY[sdk=iphoneos*]" = "iPhone Developer";
				COPY_PHASE_STRIP = NO;
				DEBUG_INFORMATION_FORMAT = dwarf;
				ENABLE_STRICT_OBJC_MSGSEND = YES;
				ENABLE_TESTABILITY = YES;
				GCC_C_LANGUAGE_STANDARD = gnu99;
				GCC_DYNAMIC_NO_PIC = NO;
				GCC_NO_COMMON_BLOCKS = YES;
				GCC_OPTIMIZATION_LEVEL = 0;
				GCC_PREPROCESSOR_DEFINITIONS = (
					"DEBUG=1",
					"$(inherited)",
				);
				GCC_WARN_64_TO_32_BIT_CONVERSION = YES;
				GCC_WARN_ABOUT_RETURN_TYPE = YES_ERROR;
				GCC_WARN_UNDECLARED_SELECTOR = YES;
				GCC_WARN_UNINITIALIZED_AUTOS = YES_AGGRESSIVE;
				GCC_WARN_UNUSED_FUNCTION = YES;
				GCC_WARN_UNUSED_VARIABLE = YES;
				IPHONEOS_DEPLOYMENT_TARGET = 10.0;
				MTL_ENABLE_DEBUG_INFO = YES;
				ONLY_ACTIVE_ARCH = YES;
				SDKROOT = iphoneos;
			};
			name = Debug;
		};
		9504BF291DA4D71900E5F606 /* Release */ = {
			isa = XCBuildConfiguration;
			buildSettings = {
				ALWAYS_SEARCH_USER_PATHS = NO;
				CLANG_ANALYZER_NONNULL = YES;
				CLANG_CXX_LANGUAGE_STANDARD = "gnu++0x";
				CLANG_CXX_LIBRARY = "libc++";
				CLANG_ENABLE_MODULES = YES;
				CLANG_ENABLE_OBJC_ARC = YES;
				CLANG_WARN_BOOL_CONVERSION = YES;
				CLANG_WARN_CONSTANT_CONVERSION = YES;
				CLANG_WARN_DIRECT_OBJC_ISA_USAGE = YES_ERROR;
				CLANG_WARN_DOCUMENTATION_COMMENTS = YES;
				CLANG_WARN_EMPTY_BODY = YES;
				CLANG_WARN_ENUM_CONVERSION = YES;
				CLANG_WARN_INFINITE_RECURSION = YES;
				CLANG_WARN_INT_CONVERSION = YES;
				CLANG_WARN_OBJC_ROOT_CLASS = YES_ERROR;
				CLANG_WARN_SUSPICIOUS_MOVES = YES;
				CLANG_WARN_UNREACHABLE_CODE = YES;
				CLANG_WARN__DUPLICATE_METHOD_MATCH = YES;
				"CODE_SIGN_IDENTITY[sdk=iphoneos*]" = "iPhone Developer";
				COPY_PHASE_STRIP = NO;
				DEBUG_INFORMATION_FORMAT = "dwarf-with-dsym";
				ENABLE_NS_ASSERTIONS = NO;
				ENABLE_STRICT_OBJC_MSGSEND = YES;
				GCC_C_LANGUAGE_STANDARD = gnu99;
				GCC_NO_COMMON_BLOCKS = YES;
				GCC_WARN_64_TO_32_BIT_CONVERSION = YES;
				GCC_WARN_ABOUT_RETURN_TYPE = YES_ERROR;
				GCC_WARN_UNDECLARED_SELECTOR = YES;
				GCC_WARN_UNINITIALIZED_AUTOS = YES_AGGRESSIVE;
				GCC_WARN_UNUSED_FUNCTION = YES;
				GCC_WARN_UNUSED_VARIABLE = YES;
				IPHONEOS_DEPLOYMENT_TARGET = 10.0;
				MTL_ENABLE_DEBUG_INFO = NO;
				SDKROOT = iphoneos;
				VALIDATE_PRODUCT = YES;
			};
			name = Release;
		};
		9504BF2B1DA4D71900E5F606 /* Debug */ = {
			isa = XCBuildConfiguration;
			buildSettings = {
				ASSETCATALOG_COMPILER_APPICON_NAME = AppIcon;
				DEVELOPMENT_TEAM = G4Z4UBHULT;
				INFOPLIST_FILE = JenkinsDemo/Info.plist;
				LD_RUNPATH_SEARCH_PATHS = "$(inherited) @executable_path/Frameworks";
				PRODUCT_BUNDLE_IDENTIFIER = "---.JenkinsDemo";
				PRODUCT_NAME = "$(TARGET_NAME)";
			};
			name = Debug;
		};
		9504BF2C1DA4D71900E5F606 /* Release */ = {
			isa = XCBuildConfiguration;
			buildSettings = {
				ASSETCATALOG_COMPILER_APPICON_NAME = AppIcon;
				DEVELOPMENT_TEAM = G4Z4UBHULT;
				INFOPLIST_FILE = JenkinsDemo/Info.plist;
				LD_RUNPATH_SEARCH_PATHS = "$(inherited) @executable_path/Frameworks";
				PRODUCT_BUNDLE_IDENTIFIER = "---.JenkinsDemo";
				PRODUCT_NAME = "$(TARGET_NAME)";
			};
			name = Release;
		};
/* End XCBuildConfiguration section */

/* Begin XCConfigurationList section */
		9504BF0E1DA4D71900E5F606 /* Build configuration list for PBXProject "JenkinsDemo" */ = {
			isa = XCConfigurationList;
			buildConfigurations = (
				9504BF281DA4D71900E5F606 /* Debug */,
				9504BF291DA4D71900E5F606 /* Release */,
			);
			defaultConfigurationIsVisible = 0;
			defaultConfigurationName = Release;
		};
		9504BF2A1DA4D71900E5F606 /* Build configuration list for PBXNativeTarget "JenkinsDemo" */ = {
			isa = XCConfigurationList;
			buildConfigurations = (
				9504BF2B1DA4D71900E5F606 /* Debug */,
				9504BF2C1DA4D71900E5F606 /* Release */,
			);
			defaultConfigurationIsVisible = 0;
		};
/* End XCConfigurationList section */
	};
	rootObject = 9504BF0B1DA4D71900E5F606 /* Project object */;
}
